
Microsoft Visual Studio Solution File, Format Version 12.00
# Visual Studio 15
VisualStudioVersion = 15.0.28010.2026
MinimumVisualStudioVersion = 10.0.40219.1
Project("{FAE04EC0-301F-11D3-BF4B-00C04F79EFBC}") = "KKTFBicycleRenting", "KKTFBicycleRenting\KKTFBicycleRenting.csproj", "{A34982E8-9667-4AA9-A6AA-C9B7D706C260}"
EndProject
Global
	GlobalSection(SolutionConfigurationPlatforms) = preSolution
		Debug|Any CPU = Debug|Any CPU
		Release|Any CPU = Release|Any CPU
	EndGlobalSection
	GlobalSection(ProjectConfigurationPlatforms) = postSolution
		{A34982E8-9667-4AA9-A6AA-C9B7D706C260}.Debug|Any CPU.ActiveCfg = Debug|Any CPU
		{A34982E8-9667-4AA9-A6AA-C9B7D706C260}.Debug|Any CPU.Build.0 = Debug|Any CPU
		{A34982E8-9667-4AA9-A6AA-C9B7D706C260}.Release|Any CPU.ActiveCfg = Release|Any CPU
		{A34982E8-9667-4AA9-A6AA-C9B7D706C260}.Release|Any CPU.Build.0 = Release|Any CPU
	EndGlobalSection
	GlobalSection(SolutionProperties) = preSolution
		HideSolutionNode = FALSE
	EndGlobalSection
	GlobalSection(ExtensibilityGlobals) = postSolution
		SolutionGuid = {A6D1ACA2-D363-494F-AAA3-F5D89E342183}
	EndGlobalSection
EndGlobal
